# @generated by Move, please check-in and do not edit manually.

[move]
version = 0
manifest_digest = "8BE56CFFAD3B5C111DB111659E54EEC4CAF00FABDF2E6508C5A0E09E95C3BD99"
deps_digest = "112928C94A84031C09CD9B9D1D44B149B73FC0EEA5FA8D8B2D7CA4D91936335A"

dependencies = [
  { name = "Sui" },
]

[[move.package]]
name = "MoveStdlib"
source = { local = "/home/wlq/Project/MoveBit/sui/crates/sui-framework/packages/move-stdlib" }

[[move.package]]
name = "Sui"
source = { local = "/home/wlq/Project/MoveBit/sui/crates/sui-framework/packages/sui-framework" }

dependencies = [
  { name = "MoveStdlib" },
]
